
Microsoft Visual Studio Solution File, Format Version 12.00
# Visual Studio 15
VisualStudioVersion = 15.0.28307.852
MinimumVisualStudioVersion = 10.0.40219.1
Project("{FAE04EC0-301F-11D3-BF4B-00C04F79EFBC}") = "01_3_25_VS2017_继承", "3_25_VS2017\01_3_25_VS2017_继承.csproj", "{76F9FAFF-FF14-478C-A463-2FA58920C00E}"
EndProject
Project("{FAE04EC0-301F-11D3-BF4B-00C04F79EFBC}") = "02_里氏转换_is_as", "02_里氏转换_is_as\02_里氏转换_is_as.csproj", "{7ED384B7-68E5-45BE-8A59-09BBCCE26D11}"
EndProject
Global
	GlobalSection(SolutionConfigurationPlatforms) = preSolution
		Debug|Any CPU = Debug|Any CPU
		Release|Any CPU = Release|Any CPU
	EndGlobalSection
	GlobalSection(ProjectConfigurationPlatforms) = postSolution
		{76F9FAFF-FF14-478C-A463-2FA58920C00E}.Debug|Any CPU.ActiveCfg = Debug|Any CPU
		{76F9FAFF-FF14-478C-A463-2FA58920C00E}.Debug|Any CPU.Build.0 = Debug|Any CPU
		{76F9FAFF-FF14-478C-A463-2FA58920C00E}.Release|Any CPU.ActiveCfg = Release|Any CPU
		{76F9FAFF-FF14-478C-A463-2FA58920C00E}.Release|Any CPU.Build.0 = Release|Any CPU
		{7ED384B7-68E5-45BE-8A59-09BBCCE26D11}.Debug|Any CPU.ActiveCfg = Debug|Any CPU
		{7ED384B7-68E5-45BE-8A59-09BBCCE26D11}.Debug|Any CPU.Build.0 = Debug|Any CPU
		{7ED384B7-68E5-45BE-8A59-09BBCCE26D11}.Release|Any CPU.ActiveCfg = Release|Any CPU
		{7ED384B7-68E5-45BE-8A59-09BBCCE26D11}.Release|Any CPU.Build.0 = Release|Any CPU
	EndGlobalSection
	GlobalSection(SolutionProperties) = preSolution
		HideSolutionNode = FALSE
	EndGlobalSection
	GlobalSection(ExtensibilityGlobals) = postSolution
		SolutionGuid = {D335348D-F93F-45DF-8CCF-5AFC2273E903}
	EndGlobalSection
EndGlobal
